// !$*UTF8*$!
{
	archiveVersion = 1;
	classes = {
	};
	objectVersion = 46;
	objects = {

/* Begin PBXBuildFile section */
		3BEBBE1B09FE4A13A1EF8FB8 /* libPods.a in Frameworks */ = {isa = PBXBuildFile; fileRef = 7F30C1E4A1F44060A518F0B7 /* libPods.a */; };
		8D3311F21838AF4D0097FAC6 /* NSMutableDictionary+GDJsonObject.m in Sources */ = {isa = PBXBuildFile; fileRef = 8D3311F11838AF4D0097FAC6 /* NSMutableDictionary+GDJsonObject.m */; };
		8DA47FF11859948C0029CA8D /* NSArray+GDJsonArray.m in Sources */ = {isa = PBXBuildFile; fileRef = 8DA47FF01859948C0029CA8D /* NSArray+GDJsonArray.m */; };
		8DA47FF4185995750029CA8D /* NSDictionary+GDJsonObject.m in Sources */ = {isa = PBXBuildFile; fileRef = 8DA47FF3185995750029CA8D /* NSDictionary+GDJsonObject.m */; };
		8DB736B4184383400095F1FA /* Json.m in Sources */ = {isa = PBXBuildFile; fileRef = 8DB736B3184383400095F1FA /* Json.m */; };
		8DC306141820D0BB00A57EB3 /* Foundation.framework in Frameworks */ = {isa = PBXBuildFile; fileRef = 8DC306131820D0BB00A57EB3 /* Foundation.framework */; };
		8DC54DAE183B3A51002AEDF2 /* NSMutableArray+GDJsonArray.m in Sources */ = {isa = PBXBuildFile; fileRef = 8DC54DAD183B3A51002AEDF2 /* NSMutableArray+GDJsonArray.m */; };
		8DEFA8CB1855E68900067337 /* XCTest.framework in Frameworks */ = {isa = PBXBuildFile; fileRef = 8DC306211820D0BB00A57EB3 /* XCTest.framework */; };
		8DEFA8D11855E68900067337 /* InfoPlist.strings in Resources */ = {isa = PBXBuildFile; fileRef = 8DEFA8CF1855E68900067337 /* InfoPlist.strings */; };
		8DEFA8D31855E68900067337 /* GDJsonTests.m in Sources */ = {isa = PBXBuildFile; fileRef = 8DEFA8D21855E68900067337 /* GDJsonTests.m */; };
		D62455FCC3EB4E74B95A3B39 /* libPods.a in Frameworks */ = {isa = PBXBuildFile; fileRef = 7F30C1E4A1F44060A518F0B7 /* libPods.a */; };
/* End PBXBuildFile section */

/* Begin PBXContainerItemProxy section */
		8DEFA8D51855E68900067337 /* PBXContainerItemProxy */ = {
			isa = PBXContainerItemProxy;
			containerPortal = 8DC306081820D0BB00A57EB3 /* Project object */;
			proxyType = 1;
			remoteGlobalIDString = 8DC3060F1820D0BB00A57EB3;
			remoteInfo = GDJson;
		};
/* End PBXContainerItemProxy section */

/* Begin PBXCopyFilesBuildPhase section */
		8DC3060E1820D0BB00A57EB3 /* CopyFiles */ = {
			isa = PBXCopyFilesBuildPhase;
			buildActionMask = 2147483647;
			dstPath = "include/$(PRODUCT_NAME)";
			dstSubfolderSpec = 16;
			files = (
			);
			runOnlyForDeploymentPostprocessing = 0;
		};
/* End PBXCopyFilesBuildPhase section */

/* Begin PBXFileReference section */
		63FA075C703044018AE90EA9 /* Pods.xcconfig */ = {isa = PBXFileReference; includeInIndex = 1; lastKnownFileType = text.xcconfig; name = Pods.xcconfig; path = Pods/Pods.xcconfig; sourceTree = "<group>"; };
		7F30C1E4A1F44060A518F0B7 /* libPods.a */ = {isa = PBXFileReference; explicitFileType = archive.ar; includeInIndex = 0; path = libPods.a; sourceTree = BUILT_PRODUCTS_DIR; };
		8D3311F01838AF4D0097FAC6 /* NSMutableDictionary+GDJsonObject.h */ = {isa = PBXFileReference; fileEncoding = 4; lastKnownFileType = sourcecode.c.h; path = "NSMutableDictionary+GDJsonObject.h"; sourceTree = "<group>"; };
		8D3311F11838AF4D0097FAC6 /* NSMutableDictionary+GDJsonObject.m */ = {isa = PBXFileReference; fileEncoding = 4; lastKnownFileType = sourcecode.c.objc; path = "NSMutableDictionary+GDJsonObject.m"; sourceTree = "<group>"; };
		8DA47FEF1859948C0029CA8D /* NSArray+GDJsonArray.h */ = {isa = PBXFileReference; fileEncoding = 4; lastKnownFileType = sourcecode.c.h; path = "NSArray+GDJsonArray.h"; sourceTree = "<group>"; };
		8DA47FF01859948C0029CA8D /* NSArray+GDJsonArray.m */ = {isa = PBXFileReference; fileEncoding = 4; lastKnownFileType = sourcecode.c.objc; path = "NSArray+GDJsonArray.m"; sourceTree = "<group>"; };
		8DA47FF2185995750029CA8D /* NSDictionary+GDJsonObject.h */ = {isa = PBXFileReference; fileEncoding = 4; lastKnownFileType = sourcecode.c.h; path = "NSDictionary+GDJsonObject.h"; sourceTree = "<group>"; };
		8DA47FF3185995750029CA8D /* NSDictionary+GDJsonObject.m */ = {isa = PBXFileReference; fileEncoding = 4; lastKnownFileType = sourcecode.c.objc; path = "NSDictionary+GDJsonObject.m"; sourceTree = "<group>"; };
		8DB736B3184383400095F1FA /* Json.m */ = {isa = PBXFileReference; fileEncoding = 4; lastKnownFileType = sourcecode.c.objc; path = Json.m; sourceTree = "<group>"; };
		8DBF352B18422C7A00C2A945 /* GDJson.h */ = {isa = PBXFileReference; fileEncoding = 4; lastKnownFileType = sourcecode.c.h; path = GDJson.h; sourceTree = "<group>"; };
		8DC306101820D0BB00A57EB3 /* libGDJson.a */ = {isa = PBXFileReference; explicitFileType = archive.ar; includeInIndex = 0; path = libGDJson.a; sourceTree = BUILT_PRODUCTS_DIR; };
		8DC306131820D0BB00A57EB3 /* Foundation.framework */ = {isa = PBXFileReference; lastKnownFileType = wrapper.framework; name = Foundation.framework; path = System/Library/Frameworks/Foundation.framework; sourceTree = SDKROOT; };
		8DC306211820D0BB00A57EB3 /* XCTest.framework */ = {isa = PBXFileReference; lastKnownFileType = wrapper.framework; name = XCTest.framework; path = Library/Frameworks/XCTest.framework; sourceTree = DEVELOPER_DIR; };
		8DC306241820D0BB00A57EB3 /* UIKit.framework */ = {isa = PBXFileReference; lastKnownFileType = wrapper.framework; name = UIKit.framework; path = Library/Frameworks/UIKit.framework; sourceTree = DEVELOPER_DIR; };
		8DC54DAC183B3A51002AEDF2 /* NSMutableArray+GDJsonArray.h */ = {isa = PBXFileReference; fileEncoding = 4; lastKnownFileType = sourcecode.c.h; path = "NSMutableArray+GDJsonArray.h"; sourceTree = "<group>"; };
		8DC54DAD183B3A51002AEDF2 /* NSMutableArray+GDJsonArray.m */ = {isa = PBXFileReference; fileEncoding = 4; lastKnownFileType = sourcecode.c.objc; path = "NSMutableArray+GDJsonArray.m"; sourceTree = "<group>"; };
		8DE41F2A187BD8A9009DB25A /* Json.h */ = {isa = PBXFileReference; fileEncoding = 4; lastKnownFileType = sourcecode.c.h; path = Json.h; sourceTree = "<group>"; };
		8DED65041855EF7200FA092C /* libz.dylib */ = {isa = PBXFileReference; lastKnownFileType = "compiled.mach-o.dylib"; name = libz.dylib; path = usr/lib/libz.dylib; sourceTree = SDKROOT; };
		8DEFA8CA1855E68900067337 /* GDJsonTests.xctest */ = {isa = PBXFileReference; explicitFileType = wrapper.cfbundle; includeInIndex = 0; path = GDJsonTests.xctest; sourceTree = BUILT_PRODUCTS_DIR; };
		8DEFA8CE1855E68900067337 /* GDJsonTests-Info.plist */ = {isa = PBXFileReference; lastKnownFileType = text.plist.xml; path = "GDJsonTests-Info.plist"; sourceTree = "<group>"; };
		8DEFA8D01855E68900067337 /* en */ = {isa = PBXFileReference; lastKnownFileType = text.plist.strings; name = en; path = en.lproj/InfoPlist.strings; sourceTree = "<group>"; };
		8DEFA8D21855E68900067337 /* GDJsonTests.m */ = {isa = PBXFileReference; lastKnownFileType = sourcecode.c.objc; path = GDJsonTests.m; sourceTree = "<group>"; };
		8DEFA8D41855E68900067337 /* GDJsonTests-Prefix.pch */ = {isa = PBXFileReference; lastKnownFileType = sourcecode.c.h; path = "GDJsonTests-Prefix.pch"; sourceTree = "<group>"; };
		F75D99F594A241A584B08581 /* libPods-GDJsonTests.a */ = {isa = PBXFileReference; explicitFileType = archive.ar; includeInIndex = 0; path = "libPods-GDJsonTests.a"; sourceTree = BUILT_PRODUCTS_DIR; };
/* End PBXFileReference section */

/* Begin PBXFrameworksBuildPhase section */
		8DC3060D1820D0BB00A57EB3 /* Frameworks */ = {
			isa = PBXFrameworksBuildPhase;
			buildActionMask = 2147483647;
			files = (
				8DC306141820D0BB00A57EB3 /* Foundation.framework in Frameworks */,
				D62455FCC3EB4E74B95A3B39 /* libPods.a in Frameworks */,
			);
			runOnlyForDeploymentPostprocessing = 0;
		};
		8DEFA8C71855E68900067337 /* Frameworks */ = {
			isa = PBXFrameworksBuildPhase;
			buildActionMask = 2147483647;
			files = (
				8DEFA8CB1855E68900067337 /* XCTest.framework in Frameworks */,
				3BEBBE1B09FE4A13A1EF8FB8 /* libPods.a in Frameworks */,
			);
			runOnlyForDeploymentPostprocessing = 0;
		};
/* End PBXFrameworksBuildPhase section */

/* Begin PBXGroup section */
		8DB736AD184383400095F1FA /* override */ = {
			isa = PBXGroup;
			children = (
				8DB736AE184383400095F1FA /* com */,
			);
			name = override;
			path = ../Classes/override;
			sourceTree = "<group>";
		};
		8DB736AE184383400095F1FA /* com */ = {
			isa = PBXGroup;
			children = (
				8DB736AF184383400095F1FA /* goodow */,
			);
			path = com;
			sourceTree = "<group>";
		};
		8DB736AF184383400095F1FA /* goodow */ = {
			isa = PBXGroup;
			children = (
				8DB736B0184383400095F1FA /* realtime */,
			);
			path = goodow;
			sourceTree = "<group>";
		};
		8DB736B0184383400095F1FA /* realtime */ = {
			isa = PBXGroup;
			children = (
				8DB736B1184383400095F1FA /* json */,
			);
			path = realtime;
			sourceTree = "<group>";
		};
		8DB736B1184383400095F1FA /* json */ = {
			isa = PBXGroup;
			children = (
				8DE41F2A187BD8A9009DB25A /* Json.h */,
				8DB736B3184383400095F1FA /* Json.m */,
			);
			path = json;
			sourceTree = "<group>";
		};
		8DC306071820D0BA00A57EB3 = {
			isa = PBXGroup;
			children = (
				8DC3063918213D7A00A57EB3 /* common */,
				8DB736AD184383400095F1FA /* override */,
				8DEFA8CC1855E68900067337 /* GDJsonTests */,
				8DC306121820D0BB00A57EB3 /* Frameworks */,
				8DC306111820D0BB00A57EB3 /* Products */,
				63FA075C703044018AE90EA9 /* Pods.xcconfig */,
			);
			sourceTree = "<group>";
		};
		8DC306111820D0BB00A57EB3 /* Products */ = {
			isa = PBXGroup;
			children = (
				8DC306101820D0BB00A57EB3 /* libGDJson.a */,
				8DEFA8CA1855E68900067337 /* GDJsonTests.xctest */,
			);
			name = Products;
			sourceTree = "<group>";
		};
		8DC306121820D0BB00A57EB3 /* Frameworks */ = {
			isa = PBXGroup;
			children = (
				8DED65041855EF7200FA092C /* libz.dylib */,
				8DC306131820D0BB00A57EB3 /* Foundation.framework */,
				8DC306211820D0BB00A57EB3 /* XCTest.framework */,
				8DC306241820D0BB00A57EB3 /* UIKit.framework */,
				7F30C1E4A1F44060A518F0B7 /* libPods.a */,
				F75D99F594A241A584B08581 /* libPods-GDJsonTests.a */,
			);
			name = Frameworks;
			sourceTree = "<group>";
		};
		8DC3063918213D7A00A57EB3 /* common */ = {
			isa = PBXGroup;
			children = (
				8DBF352B18422C7A00C2A945 /* GDJson.h */,
				8DA47FEF1859948C0029CA8D /* NSArray+GDJsonArray.h */,
				8DA47FF01859948C0029CA8D /* NSArray+GDJsonArray.m */,
				8DC54DAC183B3A51002AEDF2 /* NSMutableArray+GDJsonArray.h */,
				8DC54DAD183B3A51002AEDF2 /* NSMutableArray+GDJsonArray.m */,
				8DA47FF2185995750029CA8D /* NSDictionary+GDJsonObject.h */,
				8DA47FF3185995750029CA8D /* NSDictionary+GDJsonObject.m */,
				8D3311F01838AF4D0097FAC6 /* NSMutableDictionary+GDJsonObject.h */,
				8D3311F11838AF4D0097FAC6 /* NSMutableDictionary+GDJsonObject.m */,
			);
			name = common;
			path = ../Classes/common;
			sourceTree = "<group>";
		};
		8DEFA8CC1855E68900067337 /* GDJsonTests */ = {
			isa = PBXGroup;
			children = (
				8DEFA8D21855E68900067337 /* GDJsonTests.m */,
				8DEFA8CD1855E68900067337 /* Supporting Files */,
			);
			path = GDJsonTests;
			sourceTree = "<group>";
		};
		8DEFA8CD1855E68900067337 /* Supporting Files */ = {
			isa = PBXGroup;
			children = (
				8DEFA8CE1855E68900067337 /* GDJsonTests-Info.plist */,
				8DEFA8CF1855E68900067337 /* InfoPlist.strings */,
				8DEFA8D41855E68900067337 /* GDJsonTests-Prefix.pch */,
			);
			name = "Supporting Files";
			sourceTree = "<group>";
		};
/* End PBXGroup section */

/* Begin PBXNativeTarget section */
		8DC3060F1820D0BB00A57EB3 /* GDJson */ = {
			isa = PBXNativeTarget;
			buildConfigurationList = 8DC306331820D0BB00A57EB3 /* Build configuration list for PBXNativeTarget "GDJson" */;
			buildPhases = (
				B7534502C5CD4F24BB09E9C0 /* Check Pods Manifest.lock */,
				8DC3060C1820D0BB00A57EB3 /* Sources */,
				8DC3060D1820D0BB00A57EB3 /* Frameworks */,
				8DC3060E1820D0BB00A57EB3 /* CopyFiles */,
				8704C6FA067C49779DD52F47 /* Copy Pods Resources */,
			);
			buildRules = (
			);
			dependencies = (
			);
			name = GDJson;
			productName = GDJson;
			productReference = 8DC306101820D0BB00A57EB3 /* libGDJson.a */;
			productType = "com.apple.product-type.library.static";
		};
		8DEFA8C91855E68900067337 /* GDJsonTests */ = {
			isa = PBXNativeTarget;
			buildConfigurationList = 8DEFA8D71855E68900067337 /* Build configuration list for PBXNativeTarget "GDJsonTests" */;
			buildPhases = (
				BA20B24101F94C30A8A32391 /* Check Pods Manifest.lock */,
				8DEFA8C61855E68900067337 /* Sources */,
				8DEFA8C71855E68900067337 /* Frameworks */,
				8DEFA8C81855E68900067337 /* Resources */,
				F9D05A5FF18A4063854ED9C9 /* Copy Pods Resources */,
			);
			buildRules = (
			);
			dependencies = (
				8DEFA8D61855E68900067337 /* PBXTargetDependency */,
			);
			name = GDJsonTests;
			productName = GDJsonTests;
			productReference = 8DEFA8CA1855E68900067337 /* GDJsonTests.xctest */;
			productType = "com.apple.product-type.bundle.unit-test";
		};
/* End PBXNativeTarget section */

/* Begin PBXProject section */
		8DC306081820D0BB00A57EB3 /* Project object */ = {
			isa = PBXProject;
			attributes = {
				LastUpgradeCheck = 0500;
				ORGANIZATIONNAME = Goodow;
				TargetAttributes = {
					8DEFA8C91855E68900067337 = {
						TestTargetID = 8DC3060F1820D0BB00A57EB3;
					};
				};
			};
			buildConfigurationList = 8DC3060B1820D0BB00A57EB3 /* Build configuration list for PBXProject "GDJson" */;
			compatibilityVersion = "Xcode 3.2";
			developmentRegion = English;
			hasScannedForEncodings = 0;
			knownRegions = (
				en,
			);
			mainGroup = 8DC306071820D0BA00A57EB3;
			productRefGroup = 8DC306111820D0BB00A57EB3 /* Products */;
			projectDirPath = "";
			projectRoot = "";
			targets = (
				8DC3060F1820D0BB00A57EB3 /* GDJson */,
				8DEFA8C91855E68900067337 /* GDJsonTests */,
			);
		};
/* End PBXProject section */

/* Begin PBXResourcesBuildPhase section */
		8DEFA8C81855E68900067337 /* Resources */ = {
			isa = PBXResourcesBuildPhase;
			buildActionMask = 2147483647;
			files = (
				8DEFA8D11855E68900067337 /* InfoPlist.strings in Resources */,
			);
			runOnlyForDeploymentPostprocessing = 0;
		};
/* End PBXResourcesBuildPhase section */

/* Begin PBXShellScriptBuildPhase section */
		8704C6FA067C49779DD52F47 /* Copy Pods Resources */ = {
			isa = PBXShellScriptBuildPhase;
			buildActionMask = 2147483647;
			files = (
			);
			inputPaths = (
			);
			name = "Copy Pods Resources";
			outputPaths = (
			);
			runOnlyForDeploymentPostprocessing = 0;
			shellPath = /bin/sh;
			shellScript = "\"${SRCROOT}/Pods/Pods-resources.sh\"\n";
			showEnvVarsInLog = 0;
		};
		B7534502C5CD4F24BB09E9C0 /* Check Pods Manifest.lock */ = {
			isa = PBXShellScriptBuildPhase;
			buildActionMask = 2147483647;
			files = (
			);
			inputPaths = (
			);
			name = "Check Pods Manifest.lock";
			outputPaths = (
			);
			runOnlyForDeploymentPostprocessing = 0;
			shellPath = /bin/sh;
			shellScript = "diff \"${PODS_ROOT}/../Podfile.lock\" \"${PODS_ROOT}/Manifest.lock\" > /dev/null\nif [[ $? != 0 ]] ; then\n    cat << EOM\nerror: The sandbox is not in sync with the Podfile.lock. Run 'pod install' or update your CocoaPods installation.\nEOM\n    exit 1\nfi\n";
			showEnvVarsInLog = 0;
		};
		BA20B24101F94C30A8A32391 /* Check Pods Manifest.lock */ = {
			isa = PBXShellScriptBuildPhase;
			buildActionMask = 2147483647;
			files = (
			);
			inputPaths = (
			);
			name = "Check Pods Manifest.lock";
			outputPaths = (
			);
			runOnlyForDeploymentPostprocessing = 0;
			shellPath = /bin/sh;
			shellScript = "diff \"${PODS_ROOT}/../Podfile.lock\" \"${PODS_ROOT}/Manifest.lock\" > /dev/null\nif [[ $? != 0 ]] ; then\n    cat << EOM\nerror: The sandbox is not in sync with the Podfile.lock. Run 'pod install' or update your CocoaPods installation.\nEOM\n    exit 1\nfi\n";
			showEnvVarsInLog = 0;
		};
		F9D05A5FF18A4063854ED9C9 /* Copy Pods Resources */ = {
			isa = PBXShellScriptBuildPhase;
			buildActionMask = 2147483647;
			files = (
			);
			inputPaths = (
			);
			name = "Copy Pods Resources";
			outputPaths = (
			);
			runOnlyForDeploymentPostprocessing = 0;
			shellPath = /bin/sh;
			shellScript = "\"${SRCROOT}/Pods/Pods-resources.sh\"\n";
			showEnvVarsInLog = 0;
		};
/* End PBXShellScriptBuildPhase section */

/* Begin PBXSourcesBuildPhase section */
		8DC3060C1820D0BB00A57EB3 /* Sources */ = {
			isa = PBXSourcesBuildPhase;
			buildActionMask = 2147483647;
			files = (
				8D3311F21838AF4D0097FAC6 /* NSMutableDictionary+GDJsonObject.m in Sources */,
				8DC54DAE183B3A51002AEDF2 /* NSMutableArray+GDJsonArray.m in Sources */,
				8DB736B4184383400095F1FA /* Json.m in Sources */,
				8DA47FF4185995750029CA8D /* NSDictionary+GDJsonObject.m in Sources */,
				8DA47FF11859948C0029CA8D /* NSArray+GDJsonArray.m in Sources */,
			);
			runOnlyForDeploymentPostprocessing = 0;
		};
		8DEFA8C61855E68900067337 /* Sources */ = {
			isa = PBXSourcesBuildPhase;
			buildActionMask = 2147483647;
			files = (
				8DEFA8D31855E68900067337 /* GDJsonTests.m in Sources */,
			);
			runOnlyForDeploymentPostprocessing = 0;
		};
/* End PBXSourcesBuildPhase section */

/* Begin PBXTargetDependency section */
		8DEFA8D61855E68900067337 /* PBXTargetDependency */ = {
			isa = PBXTargetDependency;
			target = 8DC3060F1820D0BB00A57EB3 /* GDJson */;
			targetProxy = 8DEFA8D51855E68900067337 /* PBXContainerItemProxy */;
		};
/* End PBXTargetDependency section */

/* Begin PBXVariantGroup section */
		8DEFA8CF1855E68900067337 /* InfoPlist.strings */ = {
			isa = PBXVariantGroup;
			children = (
				8DEFA8D01855E68900067337 /* en */,
			);
			name = InfoPlist.strings;
			sourceTree = "<group>";
		};
/* End PBXVariantGroup section */

/* Begin XCBuildConfiguration section */
		8DC306311820D0BB00A57EB3 /* Debug */ = {
			isa = XCBuildConfiguration;
			buildSettings = {
				ALWAYS_SEARCH_USER_PATHS = NO;
				ARCHS = "$(ARCHS_STANDARD_INCLUDING_64_BIT)";
				CLANG_CXX_LANGUAGE_STANDARD = "gnu++0x";
				CLANG_CXX_LIBRARY = "libc++";
				CLANG_ENABLE_MODULES = YES;
				CLANG_ENABLE_OBJC_ARC = YES;
				CLANG_WARN_BOOL_CONVERSION = YES;
				CLANG_WARN_CONSTANT_CONVERSION = YES;
				CLANG_WARN_DIRECT_OBJC_ISA_USAGE = YES_ERROR;
				CLANG_WARN_EMPTY_BODY = YES;
				CLANG_WARN_ENUM_CONVERSION = YES;
				CLANG_WARN_INT_CONVERSION = YES;
				CLANG_WARN_OBJC_ROOT_CLASS = YES_ERROR;
				CLANG_WARN__DUPLICATE_METHOD_MATCH = YES;
				COPY_PHASE_STRIP = NO;
				GCC_C_LANGUAGE_STANDARD = gnu99;
				GCC_DYNAMIC_NO_PIC = NO;
				GCC_OPTIMIZATION_LEVEL = 0;
				GCC_PREPROCESSOR_DEFINITIONS = (
					"DEBUG=1",
					"$(inherited)",
				);
				GCC_SYMBOLS_PRIVATE_EXTERN = NO;
				GCC_WARN_64_TO_32_BIT_CONVERSION = YES;
				GCC_WARN_ABOUT_RETURN_TYPE = YES_ERROR;
				GCC_WARN_UNDECLARED_SELECTOR = YES;
				GCC_WARN_UNINITIALIZED_AUTOS = YES;
				GCC_WARN_UNUSED_FUNCTION = YES;
				GCC_WARN_UNUSED_VARIABLE = YES;
				IPHONEOS_DEPLOYMENT_TARGET = 7.0;
				ONLY_ACTIVE_ARCH = YES;
				SDKROOT = macosx;
			};
			name = Debug;
		};
		8DC306321820D0BB00A57EB3 /* Release */ = {
			isa = XCBuildConfiguration;
			buildSettings = {
				ALWAYS_SEARCH_USER_PATHS = NO;
				ARCHS = "$(ARCHS_STANDARD_INCLUDING_64_BIT)";
				CLANG_CXX_LANGUAGE_STANDARD = "gnu++0x";
				CLANG_CXX_LIBRARY = "libc++";
				CLANG_ENABLE_MODULES = YES;
				CLANG_ENABLE_OBJC_ARC = YES;
				CLANG_WARN_BOOL_CONVERSION = YES;
				CLANG_WARN_CONSTANT_CONVERSION = YES;
				CLANG_WARN_DIRECT_OBJC_ISA_USAGE = YES_ERROR;
				CLANG_WARN_EMPTY_BODY = YES;
				CLANG_WARN_ENUM_CONVERSION = YES;
				CLANG_WARN_INT_CONVERSION = YES;
				CLANG_WARN_OBJC_ROOT_CLASS = YES_ERROR;
				CLANG_WARN__DUPLICATE_METHOD_MATCH = YES;
				COPY_PHASE_STRIP = YES;
				ENABLE_NS_ASSERTIONS = NO;
				GCC_C_LANGUAGE_STANDARD = gnu99;
				GCC_WARN_64_TO_32_BIT_CONVERSION = YES;
				GCC_WARN_ABOUT_RETURN_TYPE = YES_ERROR;
				GCC_WARN_UNDECLARED_SELECTOR = YES;
				GCC_WARN_UNINITIALIZED_AUTOS = YES;
				GCC_WARN_UNUSED_FUNCTION = YES;
				GCC_WARN_UNUSED_VARIABLE = YES;
				IPHONEOS_DEPLOYMENT_TARGET = 7.0;
				SDKROOT = macosx;
				VALIDATE_PRODUCT = YES;
			};
			name = Release;
		};
		8DC306341820D0BB00A57EB3 /* Debug */ = {
			isa = XCBuildConfiguration;
			baseConfigurationReference = 63FA075C703044018AE90EA9 /* Pods.xcconfig */;
			buildSettings = {
				DSTROOT = /tmp/GDJson.dst;
				GCC_PRECOMPILE_PREFIX_HEADER = YES;
				GCC_PREFIX_HEADER = "";
				OTHER_LDFLAGS = "";
				PRODUCT_NAME = "$(TARGET_NAME)";
				SKIP_INSTALL = YES;
			};
			name = Debug;
		};
		8DC306351820D0BB00A57EB3 /* Release */ = {
			isa = XCBuildConfiguration;
			baseConfigurationReference = 63FA075C703044018AE90EA9 /* Pods.xcconfig */;
			buildSettings = {
				DSTROOT = /tmp/GDJson.dst;
				GCC_PRECOMPILE_PREFIX_HEADER = YES;
				GCC_PREFIX_HEADER = "";
				OTHER_LDFLAGS = "";
				PRODUCT_NAME = "$(TARGET_NAME)";
				SKIP_INSTALL = YES;
			};
			name = Release;
		};
		8DEFA8D81855E68900067337 /* Debug */ = {
			isa = XCBuildConfiguration;
			baseConfigurationReference = 63FA075C703044018AE90EA9 /* Pods.xcconfig */;
			buildSettings = {
				FRAMEWORK_SEARCH_PATHS = (
					"$(DEVELOPER_FRAMEWORKS_DIR)",
					"$(inherited)",
				);
				GCC_ENABLE_OBJC_EXCEPTIONS = YES;
				GCC_PRECOMPILE_PREFIX_HEADER = YES;
				GCC_PREFIX_HEADER = "GDJsonTests/GDJsonTests-Prefix.pch";
				GCC_PREPROCESSOR_DEFINITIONS = (
					"DEBUG=1",
					"$(inherited)",
				);
				INFOPLIST_FILE = "GDJsonTests/GDJsonTests-Info.plist";
				MACOSX_DEPLOYMENT_TARGET = 10.9;
				OTHER_LDFLAGS = (
					"$(inherited)",
					"-lz",
				);
				PRODUCT_NAME = "$(TARGET_NAME)";
				WRAPPER_EXTENSION = xctest;
			};
			name = Debug;
		};
		8DEFA8D91855E68900067337 /* Release */ = {
			isa = XCBuildConfiguration;
			baseConfigurationReference = 63FA075C703044018AE90EA9 /* Pods.xcconfig */;
			buildSettings = {
				DEBUG_INFORMATION_FORMAT = "dwarf-with-dsym";
				FRAMEWORK_SEARCH_PATHS = (
					"$(DEVELOPER_FRAMEWORKS_DIR)",
					"$(inherited)",
				);
				GCC_ENABLE_OBJC_EXCEPTIONS = YES;
				GCC_PRECOMPILE_PREFIX_HEADER = YES;
				GCC_PREFIX_HEADER = "GDJsonTests/GDJsonTests-Prefix.pch";
				INFOPLIST_FILE = "GDJsonTests/GDJsonTests-Info.plist";
				MACOSX_DEPLOYMENT_TARGET = 10.9;
				OTHER_LDFLAGS = (
					"$(inherited)",
					"-lz",
				);
				PRODUCT_NAME = "$(TARGET_NAME)";
				WRAPPER_EXTENSION = xctest;
			};
			name = Release;
		};
/* End XCBuildConfiguration section */

/* Begin XCConfigurationList section */
		8DC3060B1820D0BB00A57EB3 /* Build configuration list for PBXProject "GDJson" */ = {
			isa = XCConfigurationList;
			buildConfigurations = (
				8DC306311820D0BB00A57EB3 /* Debug */,
				8DC306321820D0BB00A57EB3 /* Release */,
			);
			defaultConfigurationIsVisible = 0;
			defaultConfigurationName = Release;
		};
		8DC306331820D0BB00A57EB3 /* Build configuration list for PBXNativeTarget "GDJson" */ = {
			isa = XCConfigurationList;
			buildConfigurations = (
				8DC306341820D0BB00A57EB3 /* Debug */,
				8DC306351820D0BB00A57EB3 /* Release */,
			);
			defaultConfigurationIsVisible = 0;
			defaultConfigurationName = Release;
		};
		8DEFA8D71855E68900067337 /* Build configuration list for PBXNativeTarget "GDJsonTests" */ = {
			isa = XCConfigurationList;
			buildConfigurations = (
				8DEFA8D81855E68900067337 /* Debug */,
				8DEFA8D91855E68900067337 /* Release */,
			);
			defaultConfigurationIsVisible = 0;
			defaultConfigurationName = Release;
		};
/* End XCConfigurationList section */
	};
	rootObject = 8DC306081820D0BB00A57EB3 /* Project object */;
}
