PODS:
  - GDJson (0.5.5):
    - J2ObjC (~> 0.8)
  - J2ObjC (0.8.8):
    - J2ObjC/lib/jre
  - J2ObjC/lib/jre (0.8.8)

DEPENDENCIES:
  - GDJson (from `..`)

EXTERNAL SOURCES:
  GDJson:
    :path: ..

SPEC CHECKSUMS:
  GDJson: 30bdbae9abedc68fcb589b7d6dae0fd0804aa982
  J2ObjC: eed03a6ebf1a8c0fb1ed15d5edbded36959366dd

COCOAPODS: 0.29.0
